
Microsoft Visual Studio Solution File, Format Version 12.00
# Visual Studio Version 17
VisualStudioVersion = 17.11.35222.181
MinimumVisualStudioVersion = 10.0.40219.1
Project("{FAE04EC0-301F-11D3-BF4B-00C04F79EFBC}") = "backendnet", "backendnet\backendnet.csproj", "{A1743B0E-51A0-465F-808C-8C4C442D0DDA}"
EndProject
Project("{2150E333-8FDC-42A3-9474-1A3956D46DE8}") = "testwebsocketclient", "testwebsocketclient", "{285B64DC-2554-40E6-86B9-2A3CA5B11CF0}"
EndProject
Project("{FAE04EC0-301F-11D3-BF4B-00C04F79EFBC}") = "websockettestclient", "websockettestclient\websockettestclient.csproj", "{1D73178F-3338-4730-BAD8-79EBB7C4DA46}"
EndProject
Global
	GlobalSection(SolutionConfigurationPlatforms) = preSolution
		Debug|Any CPU = Debug|Any CPU
		Release|Any CPU = Release|Any CPU
	EndGlobalSection
	GlobalSection(ProjectConfigurationPlatforms) = postSolution
		{A1743B0E-51A0-465F-808C-8C4C442D0DDA}.Debug|Any CPU.ActiveCfg = Debug|Any CPU
		{A1743B0E-51A0-465F-808C-8C4C442D0DDA}.Debug|Any CPU.Build.0 = Debug|Any CPU
		{A1743B0E-51A0-465F-808C-8C4C442D0DDA}.Release|Any CPU.ActiveCfg = Release|Any CPU
		{A1743B0E-51A0-465F-808C-8C4C442D0DDA}.Release|Any CPU.Build.0 = Release|Any CPU
		{1D73178F-3338-4730-BAD8-79EBB7C4DA46}.Debug|Any CPU.ActiveCfg = Debug|Any CPU
		{1D73178F-3338-4730-BAD8-79EBB7C4DA46}.Debug|Any CPU.Build.0 = Debug|Any CPU
		{1D73178F-3338-4730-BAD8-79EBB7C4DA46}.Release|Any CPU.ActiveCfg = Release|Any CPU
		{1D73178F-3338-4730-BAD8-79EBB7C4DA46}.Release|Any CPU.Build.0 = Release|Any CPU
	EndGlobalSection
	GlobalSection(SolutionProperties) = preSolution
		HideSolutionNode = FALSE
	EndGlobalSection
	GlobalSection(NestedProjects) = preSolution
		{1D73178F-3338-4730-BAD8-79EBB7C4DA46} = {285B64DC-2554-40E6-86B9-2A3CA5B11CF0}
	EndGlobalSection
	GlobalSection(ExtensibilityGlobals) = postSolution
		SolutionGuid = {2D62BD37-A13A-49FF-8E4F-0A1946488DAD}
	EndGlobalSection
EndGlobal
